
Microsoft Visual Studio Solution File, Format Version 12.00
# Visual Studio 15
VisualStudioVersion = 15.0.28307.1585
MinimumVisualStudioVersion = 10.0.40219.1
Project("{FAE04EC0-301F-11D3-BF4B-00C04F79EFBC}") = "NielsEngine", "NielsEngine\NielsEngine.csproj", "{F1C1B61E-5854-46B8-AB0C-AC080A829AEB}"
EndProject
Global
	GlobalSection(SolutionConfigurationPlatforms) = preSolution
		Debug|Any CPU = Debug|Any CPU
		Release|Any CPU = Release|Any CPU
	EndGlobalSection
	GlobalSection(ProjectConfigurationPlatforms) = postSolution
		{F1C1B61E-5854-46B8-AB0C-AC080A829AEB}.Debug|Any CPU.ActiveCfg = Debug|Any CPU
		{F1C1B61E-5854-46B8-AB0C-AC080A829AEB}.Debug|Any CPU.Build.0 = Debug|Any CPU
		{F1C1B61E-5854-46B8-AB0C-AC080A829AEB}.Release|Any CPU.ActiveCfg = Release|Any CPU
		{F1C1B61E-5854-46B8-AB0C-AC080A829AEB}.Release|Any CPU.Build.0 = Release|Any CPU
	EndGlobalSection
	GlobalSection(SolutionProperties) = preSolution
		HideSolutionNode = FALSE
	EndGlobalSection
	GlobalSection(ExtensibilityGlobals) = postSolution
		SolutionGuid = {7C54499E-52DA-45B8-8949-A2550B193036}
	EndGlobalSection
EndGlobal
